<?xml version="1.0" encoding="utf-8"?>
<Project ToolsVersion="4.0" xmlns="http://schemas.microsoft.com/developer/msbuild/2003">
  <ItemGroup>
    <Filter Include="Source Files">
      <UniqueIdentifier>{4FC737F1-C7A5-4376-A066-2A32D752A2FF}</UniqueIdentifier>
      <Extensions>cpp;c;cc;cxx;def;odl;idl;hpj;bat;asm;asmx</Extensions>
    </Filter>
    <Filter Include="Header Files">
      <UniqueIdentifier>{93995380-89BD-4b04-88EB-625FBE52EBFB}</UniqueIdentifier>
      <Extensions>h;hh;hpp;hxx;hm;inl;inc;xsd</Extensions>
    </Filter>
    <Filter Include="Resource Files">
      <UniqueIdentifier>{67DA6AB6-F800-4c08-8B7A-83BB121AAD01}</UniqueIdentifier>
      <Extensions>rc;ico;cur;bmp;dlg;rc2;rct;bin;rgs;gif;jpg;jpeg;jpe;resx;tiff;tif;png;wav;mfcribbon-ms</Extensions>
    </Filter>
  </ItemGroup>
  <ItemGroup>
    <ClCompile Include="Personagem.cpp">
      <Filter>Source Files</Filter>
    </ClCompile>
    <ClCompile Include="Colisao.cpp">
      <Filter>Source Files</Filter>
    </ClCompile>
    <ClCompile Include="Player.cpp">
      <Filter>Source Files</Filter>
    </ClCompile>
    <ClCompile Include="Projectile.cpp">
      <Filter>Source Files</Filter>
    </ClCompile>
    <ClCompile Include="Enemy.cpp">
      <Filter>Source Files</Filter>
    </ClCompile>
    <ClCompile Include="FuncoesExtra.cpp">
      <Filter>Source Files</Filter>
    </ClCompile>
    <ClCompile Include="Main.cpp">
      <Filter>Source Files</Filter>
    </ClCompile>
    <ClCompile Include="Tela.cpp">
      <Filter>Source Files</Filter>
    </ClCompile>
    <ClCompile Include="Level.cpp">
      <Filter>Source Files</Filter>
    </ClCompile>
    <ClCompile Include="Explosao.cpp">
      <Filter>Source Files</Filter>
    </ClCompile>
    <ClCompile Include="EfeitosVisuais.cpp">
      <Filter>Source Files</Filter>
    </ClCompile>
    <ClCompile Include="AnimacaoMorte.cpp">
      <Filter>Source Files</Filter>
    </ClCompile>
    <ClCompile Include="AnimacaoInicial.cpp">
      <Filter>Source Files</Filter>
    </ClCompile>
    <ClCompile Include="Score.cpp">
      <Filter>Source Files</Filter>
    </ClCompile>
    <ClCompile Include="MainMenu.cpp">
      <Filter>Source Files</Filter>
    </ClCompile>
    <ClCompile Include="Medkit.cpp">
      <Filter>Source Files</Filter>
    </ClCompile>
    <ClCompile Include="Coletavel.cpp">
      <Filter>Source Files</Filter>
    </ClCompile>
    <ClCompile Include="AnimacaoPassouFase.cpp">
      <Filter>Source Files</Filter>
    </ClCompile>
    <ClCompile Include="Parede.cpp">
      <Filter>Source Files</Filter>
    </ClCompile>
    <ClCompile Include="AnimacaoGameOver.cpp">
      <Filter>Source Files</Filter>
    </ClCompile>
    <ClCompile Include="AnimacaoFinal.cpp">
      <Filter>Source Files</Filter>
    </ClCompile>
  </ItemGroup>
  <ItemGroup>
    <None Include="packages.config" />
  </ItemGroup>
  <ItemGroup>
    <ClInclude Include="Colisao.h">
      <Filter>Header Files</Filter>
    </ClInclude>
    <ClInclude Include="Estruturas.h">
      <Filter>Header Files</Filter>
    </ClInclude>
    <ClInclude Include="Player.h">
      <Filter>Header Files</Filter>
    </ClInclude>
    <ClInclude Include="Personagem.h">
      <Filter>Header Files</Filter>
    </ClInclude>
    <ClInclude Include="Projectile.h">
      <Filter>Header Files</Filter>
    </ClInclude>
    <ClInclude Include="Enemy.h">
      <Filter>Header Files</Filter>
    </ClInclude>
    <ClInclude Include="FuncoesExtra.h">
      <Filter>Header Files</Filter>
    </ClInclude>
    <ClInclude Include="Tela.h">
      <Filter>Header Files</Filter>
    </ClInclude>
    <ClInclude Include="Level.h">
      <Filter>Header Files</Filter>
    </ClInclude>
    <ClInclude Include="Explosao.h">
      <Filter>Header Files</Filter>
    </ClInclude>
    <ClInclude Include="EfeitosVisuais.h">
      <Filter>Header Files</Filter>
    </ClInclude>
    <ClInclude Include="AnimacaoMorte.h">
      <Filter>Header Files</Filter>
    </ClInclude>
    <ClInclude Include="AnimacaoInicial.h">
      <Filter>Header Files</Filter>
    </ClInclude>
    <ClInclude Include="Score.h">
      <Filter>Header Files</Filter>
    </ClInclude>
    <ClInclude Include="MainMenu.h">
      <Filter>Header Files</Filter>
    </ClInclude>
    <ClInclude Include="Medkit.h">
      <Filter>Header Files</Filter>
    </ClInclude>
    <ClInclude Include="Coletavel.h">
      <Filter>Header Files</Filter>
    </ClInclude>
    <ClInclude Include="AnimacaoPassouFase.h">
      <Filter>Header Files</Filter>
    </ClInclude>
    <ClInclude Include="Parede.h">
      <Filter>Header Files</Filter>
    </ClInclude>
    <ClInclude Include="AnimacaoGameOver.h">
      <Filter>Header Files</Filter>
    </ClInclude>
    <ClInclude Include="AnimacaoFinal.h">
      <Filter>Header Files</Filter>
    </ClInclude>
  </ItemGroup>
</Project>